
Microsoft Visual Studio Solution File, Format Version 12.00
# Visual Studio Version 16
VisualStudioVersion = 16.0.30503.244
MinimumVisualStudioVersion = 10.0.40219.1
Project("{FAE04EC0-301F-11D3-BF4B-00C04F79EFBC}") = "CompanyMVVM.DTO", "CompanyMVVM.DTO\CompanyMVVM.DTO.csproj", "{450F98BF-7CBF-4C15-8F75-2A555665C47F}"
EndProject
Project("{FAE04EC0-301F-11D3-BF4B-00C04F79EFBC}") = "CompanyMVVM.Application", "CompanyMVVM.Application\CompanyMVVM.Application.csproj", "{C898AB5D-D633-4688-8B5D-BE1B21C468F1}"
EndProject
Project("{FAE04EC0-301F-11D3-BF4B-00C04F79EFBC}") = "CompanyMVVM.ViewModel", "CompanyMVVM.ViewModel\CompanyMVVM.ViewModel.csproj", "{AA46ABF9-18C6-417D-8247-2DA21D6102B3}"
EndProject
Project("{FAE04EC0-301F-11D3-BF4B-00C04F79EFBC}") = "CompanyMVVM.View", "CompanyMVVM.View\CompanyMVVM.View.csproj", "{0E91F919-9332-4B1E-AC80-0BCBA8C855FE}"
EndProject
Global
	GlobalSection(SolutionConfigurationPlatforms) = preSolution
		Debug|Any CPU = Debug|Any CPU
		Release|Any CPU = Release|Any CPU
	EndGlobalSection
	GlobalSection(ProjectConfigurationPlatforms) = postSolution
		{450F98BF-7CBF-4C15-8F75-2A555665C47F}.Debug|Any CPU.ActiveCfg = Debug|Any CPU
		{450F98BF-7CBF-4C15-8F75-2A555665C47F}.Debug|Any CPU.Build.0 = Debug|Any CPU
		{450F98BF-7CBF-4C15-8F75-2A555665C47F}.Release|Any CPU.ActiveCfg = Release|Any CPU
		{450F98BF-7CBF-4C15-8F75-2A555665C47F}.Release|Any CPU.Build.0 = Release|Any CPU
		{C898AB5D-D633-4688-8B5D-BE1B21C468F1}.Debug|Any CPU.ActiveCfg = Debug|Any CPU
		{C898AB5D-D633-4688-8B5D-BE1B21C468F1}.Debug|Any CPU.Build.0 = Debug|Any CPU
		{C898AB5D-D633-4688-8B5D-BE1B21C468F1}.Release|Any CPU.ActiveCfg = Release|Any CPU
		{C898AB5D-D633-4688-8B5D-BE1B21C468F1}.Release|Any CPU.Build.0 = Release|Any CPU
		{AA46ABF9-18C6-417D-8247-2DA21D6102B3}.Debug|Any CPU.ActiveCfg = Debug|Any CPU
		{AA46ABF9-18C6-417D-8247-2DA21D6102B3}.Debug|Any CPU.Build.0 = Debug|Any CPU
		{AA46ABF9-18C6-417D-8247-2DA21D6102B3}.Release|Any CPU.ActiveCfg = Release|Any CPU
		{AA46ABF9-18C6-417D-8247-2DA21D6102B3}.Release|Any CPU.Build.0 = Release|Any CPU
		{0E91F919-9332-4B1E-AC80-0BCBA8C855FE}.Debug|Any CPU.ActiveCfg = Debug|Any CPU
		{0E91F919-9332-4B1E-AC80-0BCBA8C855FE}.Debug|Any CPU.Build.0 = Debug|Any CPU
		{0E91F919-9332-4B1E-AC80-0BCBA8C855FE}.Release|Any CPU.ActiveCfg = Release|Any CPU
		{0E91F919-9332-4B1E-AC80-0BCBA8C855FE}.Release|Any CPU.Build.0 = Release|Any CPU
	EndGlobalSection
	GlobalSection(SolutionProperties) = preSolution
		HideSolutionNode = FALSE
	EndGlobalSection
	GlobalSection(ExtensibilityGlobals) = postSolution
		SolutionGuid = {85DC3535-61CD-43B1-B913-FAEEAB5BC13D}
	EndGlobalSection
EndGlobal
